// !$*UTF8*$!
{
	archiveVersion = 1;
	classes = {
	};
	objectVersion = 55;
	objects = {

/* Begin PBXBuildFile section */
		A1148F25286C406700151E35 /* Stocks.swift in Sources */ = {isa = PBXBuildFile; fileRef = A1148F24286C406700151E35 /* Stocks.swift */; };
		A1148F28286C443A00151E35 /* StocksTableViewCell.swift in Sources */ = {isa = PBXBuildFile; fileRef = A1148F27286C443A00151E35 /* StocksTableViewCell.swift */; };
		A18F5A6F286AF849008A68C1 /* AppDelegate.swift in Sources */ = {isa = PBXBuildFile; fileRef = A18F5A6E286AF849008A68C1 /* AppDelegate.swift */; };
		A18F5A71286AF849008A68C1 /* SceneDelegate.swift in Sources */ = {isa = PBXBuildFile; fileRef = A18F5A70286AF849008A68C1 /* SceneDelegate.swift */; };
		A18F5A78286AF84B008A68C1 /* Assets.xcassets in Resources */ = {isa = PBXBuildFile; fileRef = A18F5A77286AF84B008A68C1 /* Assets.xcassets */; };
		A18F5A7B286AF84B008A68C1 /* LaunchScreen.storyboard in Resources */ = {isa = PBXBuildFile; fileRef = A18F5A79286AF84B008A68C1 /* LaunchScreen.storyboard */; };
		A18F5A83286AF950008A68C1 /* LoginViewController.swift in Sources */ = {isa = PBXBuildFile; fileRef = A18F5A82286AF950008A68C1 /* LoginViewController.swift */; };
		A18F5A88286B1715008A68C1 /* GoogleService-Info.plist in Resources */ = {isa = PBXBuildFile; fileRef = A18F5A87286B1715008A68C1 /* GoogleService-Info.plist */; };
		A18F5A93286B1860008A68C1 /* Network.swift in Sources */ = {isa = PBXBuildFile; fileRef = A18F5A92286B1860008A68C1 /* Network.swift */; };
		A1BDDA28286D98CE00B25D7B /* ErrorMessage.swift in Sources */ = {isa = PBXBuildFile; fileRef = A1BDDA27286D98CD00B25D7B /* ErrorMessage.swift */; };
		A1BDDA2A286D9B5B00B25D7B /* StockDetailViewController.swift in Sources */ = {isa = PBXBuildFile; fileRef = A1BDDA29286D9B5B00B25D7B /* StockDetailViewController.swift */; };
		A1BDDA2F286DAAEC00B25D7B /* Date+Ext.swift in Sources */ = {isa = PBXBuildFile; fileRef = A1BDDA2E286DAAEC00B25D7B /* Date+Ext.swift */; };
		A1BDDA31286DAB1100B25D7B /* String+Ext.swift in Sources */ = {isa = PBXBuildFile; fileRef = A1BDDA30286DAB1100B25D7B /* String+Ext.swift */; };
		A1BDDA33286DB7E800B25D7B /* StockDetailTableViewCell.swift in Sources */ = {isa = PBXBuildFile; fileRef = A1BDDA32286DB7E800B25D7B /* StockDetailTableViewCell.swift */; };
		A1BFCD1E286B1DF100C4F5C9 /* SnapKit in Frameworks */ = {isa = PBXBuildFile; productRef = A1BFCD1D286B1DF100C4F5C9 /* SnapKit */; };
		A1BFCD21286B1E2700C4F5C9 /* FirebaseAnalytics in Frameworks */ = {isa = PBXBuildFile; productRef = A1BFCD20286B1E2700C4F5C9 /* FirebaseAnalytics */; };
		A1BFCD23286B1E2700C4F5C9 /* FirebaseAnalyticsSwift in Frameworks */ = {isa = PBXBuildFile; productRef = A1BFCD22286B1E2700C4F5C9 /* FirebaseAnalyticsSwift */; };
		A1BFCD25286B1E2700C4F5C9 /* FirebaseAuth in Frameworks */ = {isa = PBXBuildFile; productRef = A1BFCD24286B1E2700C4F5C9 /* FirebaseAuth */; };
		A1BFCD27286B1E2700C4F5C9 /* FirebaseCrashlytics in Frameworks */ = {isa = PBXBuildFile; productRef = A1BFCD26286B1E2700C4F5C9 /* FirebaseCrashlytics */; };
		A1BFCD2D286B1EF000C4F5C9 /* LoginViewModel.swift in Sources */ = {isa = PBXBuildFile; fileRef = A1BFCD2C286B1EF000C4F5C9 /* LoginViewModel.swift */; };
		A1BFCD2F286B30C700C4F5C9 /* StocksViewController.swift in Sources */ = {isa = PBXBuildFile; fileRef = A1BFCD2E286B30C700C4F5C9 /* StocksViewController.swift */; };
		A1BFCD31286B387F00C4F5C9 /* SignUpViewController.swift in Sources */ = {isa = PBXBuildFile; fileRef = A1BFCD30286B387F00C4F5C9 /* SignUpViewController.swift */; };
		A1BFCD33286B3D3700C4F5C9 /* SignUpViewModel.swift in Sources */ = {isa = PBXBuildFile; fileRef = A1BFCD32286B3D3700C4F5C9 /* SignUpViewModel.swift */; };
		CDE83F0C15B563E61689109A /* Pods_StockApp.framework in Frameworks */ = {isa = PBXBuildFile; fileRef = 4E43FCCD6E319706E918068B /* Pods_StockApp.framework */; };
/* End PBXBuildFile section */

/* Begin PBXFileReference section */
		3E7D540373813B6C97BCE525 /* Pods-StockApp.release.xcconfig */ = {isa = PBXFileReference; includeInIndex = 1; lastKnownFileType = text.xcconfig; name = "Pods-StockApp.release.xcconfig"; path = "Target Support Files/Pods-StockApp/Pods-StockApp.release.xcconfig"; sourceTree = "<group>"; };
		4E43FCCD6E319706E918068B /* Pods_StockApp.framework */ = {isa = PBXFileReference; explicitFileType = wrapper.framework; includeInIndex = 0; path = Pods_StockApp.framework; sourceTree = BUILT_PRODUCTS_DIR; };
		A1148F24286C406700151E35 /* Stocks.swift */ = {isa = PBXFileReference; lastKnownFileType = sourcecode.swift; path = Stocks.swift; sourceTree = "<group>"; };
		A1148F27286C443A00151E35 /* StocksTableViewCell.swift */ = {isa = PBXFileReference; lastKnownFileType = sourcecode.swift; path = StocksTableViewCell.swift; sourceTree = "<group>"; };
		A18F5A6B286AF849008A68C1 /* StockApp.app */ = {isa = PBXFileReference; explicitFileType = wrapper.application; includeInIndex = 0; path = StockApp.app; sourceTree = BUILT_PRODUCTS_DIR; };
		A18F5A6E286AF849008A68C1 /* AppDelegate.swift */ = {isa = PBXFileReference; lastKnownFileType = sourcecode.swift; path = AppDelegate.swift; sourceTree = "<group>"; };
		A18F5A70286AF849008A68C1 /* SceneDelegate.swift */ = {isa = PBXFileReference; lastKnownFileType = sourcecode.swift; path = SceneDelegate.swift; sourceTree = "<group>"; };
		A18F5A77286AF84B008A68C1 /* Assets.xcassets */ = {isa = PBXFileReference; lastKnownFileType = folder.assetcatalog; path = Assets.xcassets; sourceTree = "<group>"; };
		A18F5A7A286AF84B008A68C1 /* Base */ = {isa = PBXFileReference; lastKnownFileType = file.storyboard; name = Base; path = Base.lproj/LaunchScreen.storyboard; sourceTree = "<group>"; };
		A18F5A7C286AF84B008A68C1 /* Info.plist */ = {isa = PBXFileReference; lastKnownFileType = text.plist.xml; path = Info.plist; sourceTree = "<group>"; };
		A18F5A82286AF950008A68C1 /* LoginViewController.swift */ = {isa = PBXFileReference; lastKnownFileType = sourcecode.swift; path = LoginViewController.swift; sourceTree = "<group>"; };
		A18F5A87286B1715008A68C1 /* GoogleService-Info.plist */ = {isa = PBXFileReference; fileEncoding = 4; lastKnownFileType = text.plist.xml; path = "GoogleService-Info.plist"; sourceTree = "<group>"; };
		A18F5A92286B1860008A68C1 /* Network.swift */ = {isa = PBXFileReference; lastKnownFileType = sourcecode.swift; path = Network.swift; sourceTree = "<group>"; };
		A1BDDA27286D98CD00B25D7B /* ErrorMessage.swift */ = {isa = PBXFileReference; lastKnownFileType = sourcecode.swift; path = ErrorMessage.swift; sourceTree = "<group>"; };
		A1BDDA29286D9B5B00B25D7B /* StockDetailViewController.swift */ = {isa = PBXFileReference; lastKnownFileType = sourcecode.swift; path = StockDetailViewController.swift; sourceTree = "<group>"; };
		A1BDDA2E286DAAEC00B25D7B /* Date+Ext.swift */ = {isa = PBXFileReference; lastKnownFileType = sourcecode.swift; path = "Date+Ext.swift"; sourceTree = "<group>"; };
		A1BDDA30286DAB1100B25D7B /* String+Ext.swift */ = {isa = PBXFileReference; lastKnownFileType = sourcecode.swift; path = "String+Ext.swift"; sourceTree = "<group>"; };
		A1BDDA32286DB7E800B25D7B /* StockDetailTableViewCell.swift */ = {isa = PBXFileReference; lastKnownFileType = sourcecode.swift; path = StockDetailTableViewCell.swift; sourceTree = "<group>"; };
		A1BFCD2C286B1EF000C4F5C9 /* LoginViewModel.swift */ = {isa = PBXFileReference; lastKnownFileType = sourcecode.swift; path = LoginViewModel.swift; sourceTree = "<group>"; };
		A1BFCD2E286B30C700C4F5C9 /* StocksViewController.swift */ = {isa = PBXFileReference; lastKnownFileType = sourcecode.swift; path = StocksViewController.swift; sourceTree = "<group>"; };
		A1BFCD30286B387F00C4F5C9 /* SignUpViewController.swift */ = {isa = PBXFileReference; lastKnownFileType = sourcecode.swift; path = SignUpViewController.swift; sourceTree = "<group>"; };
		A1BFCD32286B3D3700C4F5C9 /* SignUpViewModel.swift */ = {isa = PBXFileReference; lastKnownFileType = sourcecode.swift; path = SignUpViewModel.swift; sourceTree = "<group>"; };
		D94A423B8CA0166564AFF24C /* Pods-StockApp.debug.xcconfig */ = {isa = PBXFileReference; includeInIndex = 1; lastKnownFileType = text.xcconfig; name = "Pods-StockApp.debug.xcconfig"; path = "Target Support Files/Pods-StockApp/Pods-StockApp.debug.xcconfig"; sourceTree = "<group>"; };
/* End PBXFileReference section */

/* Begin PBXFrameworksBuildPhase section */
		A18F5A68286AF849008A68C1 /* Frameworks */ = {
			isa = PBXFrameworksBuildPhase;
			buildActionMask = 2147483647;
			files = (
				A1BFCD23286B1E2700C4F5C9 /* FirebaseAnalyticsSwift in Frameworks */,
				A1BFCD25286B1E2700C4F5C9 /* FirebaseAuth in Frameworks */,
				CDE83F0C15B563E61689109A /* Pods_StockApp.framework in Frameworks */,
				A1BFCD27286B1E2700C4F5C9 /* FirebaseCrashlytics in Frameworks */,
				A1BFCD1E286B1DF100C4F5C9 /* SnapKit in Frameworks */,
				A1BFCD21286B1E2700C4F5C9 /* FirebaseAnalytics in Frameworks */,
			);
			runOnlyForDeploymentPostprocessing = 0;
		};
/* End PBXFrameworksBuildPhase section */

/* Begin PBXGroup section */
		37620CE8A80B8E32C0B8E144 /* Frameworks */ = {
			isa = PBXGroup;
			children = (
				4E43FCCD6E319706E918068B /* Pods_StockApp.framework */,
			);
			name = Frameworks;
			sourceTree = "<group>";
		};
		A1148F26286C441E00151E35 /* Cells */ = {
			isa = PBXGroup;
			children = (
				A1148F27286C443A00151E35 /* StocksTableViewCell.swift */,
				A1BDDA32286DB7E800B25D7B /* StockDetailTableViewCell.swift */,
			);
			path = Cells;
			sourceTree = "<group>";
		};
		A18F5A62286AF849008A68C1 = {
			isa = PBXGroup;
			children = (
				A18F5A6D286AF849008A68C1 /* StockApp */,
				A18F5A6C286AF849008A68C1 /* Products */,
				DEEA42A2CD6B97DD37146B73 /* Pods */,
				37620CE8A80B8E32C0B8E144 /* Frameworks */,
			);
			sourceTree = "<group>";
		};
		A18F5A6C286AF849008A68C1 /* Products */ = {
			isa = PBXGroup;
			children = (
				A18F5A6B286AF849008A68C1 /* StockApp.app */,
			);
			name = Products;
			sourceTree = "<group>";
		};
		A18F5A6D286AF849008A68C1 /* StockApp */ = {
			isa = PBXGroup;
			children = (
				A1BDDA2B286DA9D900B25D7B /* Extensions */,
				A1BFCD2B286B1ED200C4F5C9 /* Network */,
				A1BFCD2A286B1EC600C4F5C9 /* View */,
				A1BFCD29286B1EB800C4F5C9 /* VievModel */,
				A1BFCD28286B1EAF00C4F5C9 /* Model */,
				A18F5A87286B1715008A68C1 /* GoogleService-Info.plist */,
				A18F5A6E286AF849008A68C1 /* AppDelegate.swift */,
				A18F5A70286AF849008A68C1 /* SceneDelegate.swift */,
				A18F5A77286AF84B008A68C1 /* Assets.xcassets */,
				A18F5A79286AF84B008A68C1 /* LaunchScreen.storyboard */,
				A18F5A7C286AF84B008A68C1 /* Info.plist */,
			);
			path = StockApp;
			sourceTree = "<group>";
		};
		A1BDDA2B286DA9D900B25D7B /* Extensions */ = {
			isa = PBXGroup;
			children = (
				A1BDDA2E286DAAEC00B25D7B /* Date+Ext.swift */,
				A1BDDA30286DAB1100B25D7B /* String+Ext.swift */,
			);
			path = Extensions;
			sourceTree = "<group>";
		};
		A1BFCD28286B1EAF00C4F5C9 /* Model */ = {
			isa = PBXGroup;
			children = (
				A1148F24286C406700151E35 /* Stocks.swift */,
			);
			path = Model;
			sourceTree = "<group>";
		};
		A1BFCD29286B1EB800C4F5C9 /* VievModel */ = {
			isa = PBXGroup;
			children = (
				A1BFCD2C286B1EF000C4F5C9 /* LoginViewModel.swift */,
				A1BFCD32286B3D3700C4F5C9 /* SignUpViewModel.swift */,
			);
			path = VievModel;
			sourceTree = "<group>";
		};
		A1BFCD2A286B1EC600C4F5C9 /* View */ = {
			isa = PBXGroup;
			children = (
				A1148F26286C441E00151E35 /* Cells */,
				A18F5A82286AF950008A68C1 /* LoginViewController.swift */,
				A1BFCD2E286B30C700C4F5C9 /* StocksViewController.swift */,
				A1BFCD30286B387F00C4F5C9 /* SignUpViewController.swift */,
				A1BDDA29286D9B5B00B25D7B /* StockDetailViewController.swift */,
			);
			path = View;
			sourceTree = "<group>";
		};
		A1BFCD2B286B1ED200C4F5C9 /* Network */ = {
			isa = PBXGroup;
			children = (
				A18F5A92286B1860008A68C1 /* Network.swift */,
				A1BDDA27286D98CD00B25D7B /* ErrorMessage.swift */,
			);
			path = Network;
			sourceTree = "<group>";
		};
		DEEA42A2CD6B97DD37146B73 /* Pods */ = {
			isa = PBXGroup;
			children = (
				D94A423B8CA0166564AFF24C /* Pods-StockApp.debug.xcconfig */,
				3E7D540373813B6C97BCE525 /* Pods-StockApp.release.xcconfig */,
			);
			path = Pods;
			sourceTree = "<group>";
		};
/* End PBXGroup section */

/* Begin PBXNativeTarget section */
		A18F5A6A286AF849008A68C1 /* StockApp */ = {
			isa = PBXNativeTarget;
			buildConfigurationList = A18F5A7F286AF84B008A68C1 /* Build configuration list for PBXNativeTarget "StockApp" */;
			buildPhases = (
				B101EB0A513108230F4F57C2 /* [CP] Check Pods Manifest.lock */,
				A18F5A67286AF849008A68C1 /* Sources */,
				A18F5A68286AF849008A68C1 /* Frameworks */,
				A18F5A69286AF849008A68C1 /* Resources */,
				498195D5F618A077B7AC4759 /* [CP] Embed Pods Frameworks */,
			);
			buildRules = (
			);
			dependencies = (
			);
			name = StockApp;
			packageProductDependencies = (
				A1BFCD1D286B1DF100C4F5C9 /* SnapKit */,
				A1BFCD20286B1E2700C4F5C9 /* FirebaseAnalytics */,
				A1BFCD22286B1E2700C4F5C9 /* FirebaseAnalyticsSwift */,
				A1BFCD24286B1E2700C4F5C9 /* FirebaseAuth */,
				A1BFCD26286B1E2700C4F5C9 /* FirebaseCrashlytics */,
			);
			productName = StockApp;
			productReference = A18F5A6B286AF849008A68C1 /* StockApp.app */;
			productType = "com.apple.product-type.application";
		};
/* End PBXNativeTarget section */

/* Begin PBXProject section */
		A18F5A63286AF849008A68C1 /* Project object */ = {
			isa = PBXProject;
			attributes = {
				BuildIndependentTargetsInParallel = 1;
				LastSwiftUpdateCheck = 1340;
				LastUpgradeCheck = 1340;
				TargetAttributes = {
					A18F5A6A286AF849008A68C1 = {
						CreatedOnToolsVersion = 13.4.1;
					};
				};
			};
			buildConfigurationList = A18F5A66286AF849008A68C1 /* Build configuration list for PBXProject "StockApp" */;
			compatibilityVersion = "Xcode 13.0";
			developmentRegion = en;
			hasScannedForEncodings = 0;
			knownRegions = (
				en,
				Base,
			);
			mainGroup = A18F5A62286AF849008A68C1;
			packageReferences = (
				A1BFCD1C286B1DF100C4F5C9 /* XCRemoteSwiftPackageReference "SnapKit" */,
				A1BFCD1F286B1E2700C4F5C9 /* XCRemoteSwiftPackageReference "firebase-ios-sdk" */,
			);
			productRefGroup = A18F5A6C286AF849008A68C1 /* Products */;
			projectDirPath = "";
			projectRoot = "";
			targets = (
				A18F5A6A286AF849008A68C1 /* StockApp */,
			);
		};
/* End PBXProject section */

/* Begin PBXResourcesBuildPhase section */
		A18F5A69286AF849008A68C1 /* Resources */ = {
			isa = PBXResourcesBuildPhase;
			buildActionMask = 2147483647;
			files = (
				A18F5A7B286AF84B008A68C1 /* LaunchScreen.storyboard in Resources */,
				A18F5A88286B1715008A68C1 /* GoogleService-Info.plist in Resources */,
				A18F5A78286AF84B008A68C1 /* Assets.xcassets in Resources */,
			);
			runOnlyForDeploymentPostprocessing = 0;
		};
/* End PBXResourcesBuildPhase section */

/* Begin PBXShellScriptBuildPhase section */
		498195D5F618A077B7AC4759 /* [CP] Embed Pods Frameworks */ = {
			isa = PBXShellScriptBuildPhase;
			buildActionMask = 2147483647;
			files = (
			);
			inputFileListPaths = (
				"${PODS_ROOT}/Target Support Files/Pods-StockApp/Pods-StockApp-frameworks-${CONFIGURATION}-input-files.xcfilelist",
			);
			name = "[CP] Embed Pods Frameworks";
			outputFileListPaths = (
				"${PODS_ROOT}/Target Support Files/Pods-StockApp/Pods-StockApp-frameworks-${CONFIGURATION}-output-files.xcfilelist",
			);
			runOnlyForDeploymentPostprocessing = 0;
			shellPath = /bin/sh;
			shellScript = "\"${PODS_ROOT}/Target Support Files/Pods-StockApp/Pods-StockApp-frameworks.sh\"\n";
			showEnvVarsInLog = 0;
		};
		B101EB0A513108230F4F57C2 /* [CP] Check Pods Manifest.lock */ = {
			isa = PBXShellScriptBuildPhase;
			buildActionMask = 2147483647;
			files = (
			);
			inputFileListPaths = (
			);
			inputPaths = (
				"${PODS_PODFILE_DIR_PATH}/Podfile.lock",
				"${PODS_ROOT}/Manifest.lock",
			);
			name = "[CP] Check Pods Manifest.lock";
			outputFileListPaths = (
			);
			outputPaths = (
				"$(DERIVED_FILE_DIR)/Pods-StockApp-checkManifestLockResult.txt",
			);
			runOnlyForDeploymentPostprocessing = 0;
			shellPath = /bin/sh;
			shellScript = "diff \"${PODS_PODFILE_DIR_PATH}/Podfile.lock\" \"${PODS_ROOT}/Manifest.lock\" > /dev/null\nif [ $? != 0 ] ; then\n    # print error to STDERR\n    echo \"error: The sandbox is not in sync with the Podfile.lock. Run 'pod install' or update your CocoaPods installation.\" >&2\n    exit 1\nfi\n# This output is used by Xcode 'outputs' to avoid re-running this script phase.\necho \"SUCCESS\" > \"${SCRIPT_OUTPUT_FILE_0}\"\n";
			showEnvVarsInLog = 0;
		};
/* End PBXShellScriptBuildPhase section */

/* Begin PBXSourcesBuildPhase section */
		A18F5A67286AF849008A68C1 /* Sources */ = {
			isa = PBXSourcesBuildPhase;
			buildActionMask = 2147483647;
			files = (
				A1BDDA2A286D9B5B00B25D7B /* StockDetailViewController.swift in Sources */,
				A1148F28286C443A00151E35 /* StocksTableViewCell.swift in Sources */,
				A1BDDA2F286DAAEC00B25D7B /* Date+Ext.swift in Sources */,
				A18F5A83286AF950008A68C1 /* LoginViewController.swift in Sources */,
				A1BDDA28286D98CE00B25D7B /* ErrorMessage.swift in Sources */,
				A1BFCD31286B387F00C4F5C9 /* SignUpViewController.swift in Sources */,
				A1BFCD33286B3D3700C4F5C9 /* SignUpViewModel.swift in Sources */,
				A18F5A6F286AF849008A68C1 /* AppDelegate.swift in Sources */,
				A1BDDA31286DAB1100B25D7B /* String+Ext.swift in Sources */,
				A1148F25286C406700151E35 /* Stocks.swift in Sources */,
				A18F5A93286B1860008A68C1 /* Network.swift in Sources */,
				A1BFCD2F286B30C700C4F5C9 /* StocksViewController.swift in Sources */,
				A1BFCD2D286B1EF000C4F5C9 /* LoginViewModel.swift in Sources */,
				A1BDDA33286DB7E800B25D7B /* StockDetailTableViewCell.swift in Sources */,
				A18F5A71286AF849008A68C1 /* SceneDelegate.swift in Sources */,
			);
			runOnlyForDeploymentPostprocessing = 0;
		};
/* End PBXSourcesBuildPhase section */

/* Begin PBXVariantGroup section */
		A18F5A79286AF84B008A68C1 /* LaunchScreen.storyboard */ = {
			isa = PBXVariantGroup;
			children = (
				A18F5A7A286AF84B008A68C1 /* Base */,
			);
			name = LaunchScreen.storyboard;
			sourceTree = "<group>";
		};
/* End PBXVariantGroup section */

/* Begin XCBuildConfiguration section */
		A18F5A7D286AF84B008A68C1 /* Debug */ = {
			isa = XCBuildConfiguration;
			buildSettings = {
				ALWAYS_SEARCH_USER_PATHS = NO;
				CLANG_ANALYZER_NONNULL = YES;
				CLANG_ANALYZER_NUMBER_OBJECT_CONVERSION = YES_AGGRESSIVE;
				CLANG_CXX_LANGUAGE_STANDARD = "gnu++17";
				CLANG_ENABLE_MODULES = YES;
				CLANG_ENABLE_OBJC_ARC = YES;
				CLANG_ENABLE_OBJC_WEAK = YES;
				CLANG_WARN_BLOCK_CAPTURE_AUTORELEASING = YES;
				CLANG_WARN_BOOL_CONVERSION = YES;
				CLANG_WARN_COMMA = YES;
				CLANG_WARN_CONSTANT_CONVERSION = YES;
				CLANG_WARN_DEPRECATED_OBJC_IMPLEMENTATIONS = YES;
				CLANG_WARN_DIRECT_OBJC_ISA_USAGE = YES_ERROR;
				CLANG_WARN_DOCUMENTATION_COMMENTS = YES;
				CLANG_WARN_EMPTY_BODY = YES;
				CLANG_WARN_ENUM_CONVERSION = YES;
				CLANG_WARN_INFINITE_RECURSION = YES;
				CLANG_WARN_INT_CONVERSION = YES;
				CLANG_WARN_NON_LITERAL_NULL_CONVERSION = YES;
				CLANG_WARN_OBJC_IMPLICIT_RETAIN_SELF = YES;
				CLANG_WARN_OBJC_LITERAL_CONVERSION = YES;
				CLANG_WARN_OBJC_ROOT_CLASS = YES_ERROR;
				CLANG_WARN_QUOTED_INCLUDE_IN_FRAMEWORK_HEADER = YES;
				CLANG_WARN_RANGE_LOOP_ANALYSIS = YES;
				CLANG_WARN_STRICT_PROTOTYPES = YES;
				CLANG_WARN_SUSPICIOUS_MOVE = YES;
				CLANG_WARN_UNGUARDED_AVAILABILITY = YES_AGGRESSIVE;
				CLANG_WARN_UNREACHABLE_CODE = YES;
				CLANG_WARN__DUPLICATE_METHOD_MATCH = YES;
				COPY_PHASE_STRIP = NO;
				DEBUG_INFORMATION_FORMAT = dwarf;
				ENABLE_STRICT_OBJC_MSGSEND = YES;
				ENABLE_TESTABILITY = YES;
				GCC_C_LANGUAGE_STANDARD = gnu11;
				GCC_DYNAMIC_NO_PIC = NO;
				GCC_NO_COMMON_BLOCKS = YES;
				GCC_OPTIMIZATION_LEVEL = 0;
				GCC_PREPROCESSOR_DEFINITIONS = (
					"DEBUG=1",
					"$(inherited)",
				);
				GCC_WARN_64_TO_32_BIT_CONVERSION = YES;
				GCC_WARN_ABOUT_RETURN_TYPE = YES_ERROR;
				GCC_WARN_UNDECLARED_SELECTOR = YES;
				GCC_WARN_UNINITIALIZED_AUTOS = YES_AGGRESSIVE;
				GCC_WARN_UNUSED_FUNCTION = YES;
				GCC_WARN_UNUSED_VARIABLE = YES;
				IPHONEOS_DEPLOYMENT_TARGET = 15.5;
				MTL_ENABLE_DEBUG_INFO = INCLUDE_SOURCE;
				MTL_FAST_MATH = YES;
				ONLY_ACTIVE_ARCH = YES;
				SDKROOT = iphoneos;
				SWIFT_ACTIVE_COMPILATION_CONDITIONS = DEBUG;
				SWIFT_OPTIMIZATION_LEVEL = "-Onone";
			};
			name = Debug;
		};
		A18F5A7E286AF84B008A68C1 /* Release */ = {
			isa = XCBuildConfiguration;
			buildSettings = {
				ALWAYS_SEARCH_USER_PATHS = NO;
				CLANG_ANALYZER_NONNULL = YES;
				CLANG_ANALYZER_NUMBER_OBJECT_CONVERSION = YES_AGGRESSIVE;
				CLANG_CXX_LANGUAGE_STANDARD = "gnu++17";
				CLANG_ENABLE_MODULES = YES;
				CLANG_ENABLE_OBJC_ARC = YES;
				CLANG_ENABLE_OBJC_WEAK = YES;
				CLANG_WARN_BLOCK_CAPTURE_AUTORELEASING = YES;
				CLANG_WARN_BOOL_CONVERSION = YES;
				CLANG_WARN_COMMA = YES;
				CLANG_WARN_CONSTANT_CONVERSION = YES;
				CLANG_WARN_DEPRECATED_OBJC_IMPLEMENTATIONS = YES;
				CLANG_WARN_DIRECT_OBJC_ISA_USAGE = YES_ERROR;
				CLANG_WARN_DOCUMENTATION_COMMENTS = YES;
				CLANG_WARN_EMPTY_BODY = YES;
				CLANG_WARN_ENUM_CONVERSION = YES;
				CLANG_WARN_INFINITE_RECURSION = YES;
				CLANG_WARN_INT_CONVERSION = YES;
				CLANG_WARN_NON_LITERAL_NULL_CONVERSION = YES;
				CLANG_WARN_OBJC_IMPLICIT_RETAIN_SELF = YES;
				CLANG_WARN_OBJC_LITERAL_CONVERSION = YES;
				CLANG_WARN_OBJC_ROOT_CLASS = YES_ERROR;
				CLANG_WARN_QUOTED_INCLUDE_IN_FRAMEWORK_HEADER = YES;
				CLANG_WARN_RANGE_LOOP_ANALYSIS = YES;
				CLANG_WARN_STRICT_PROTOTYPES = YES;
				CLANG_WARN_SUSPICIOUS_MOVE = YES;
				CLANG_WARN_UNGUARDED_AVAILABILITY = YES_AGGRESSIVE;
				CLANG_WARN_UNREACHABLE_CODE = YES;
				CLANG_WARN__DUPLICATE_METHOD_MATCH = YES;
				COPY_PHASE_STRIP = NO;
				DEBUG_INFORMATION_FORMAT = "dwarf-with-dsym";
				ENABLE_NS_ASSERTIONS = NO;
				ENABLE_STRICT_OBJC_MSGSEND = YES;
				GCC_C_LANGUAGE_STANDARD = gnu11;
				GCC_NO_COMMON_BLOCKS = YES;
				GCC_WARN_64_TO_32_BIT_CONVERSION = YES;
				GCC_WARN_ABOUT_RETURN_TYPE = YES_ERROR;
				GCC_WARN_UNDECLARED_SELECTOR = YES;
				GCC_WARN_UNINITIALIZED_AUTOS = YES_AGGRESSIVE;
				GCC_WARN_UNUSED_FUNCTION = YES;
				GCC_WARN_UNUSED_VARIABLE = YES;
				IPHONEOS_DEPLOYMENT_TARGET = 15.5;
				MTL_ENABLE_DEBUG_INFO = NO;
				MTL_FAST_MATH = YES;
				SDKROOT = iphoneos;
				SWIFT_COMPILATION_MODE = wholemodule;
				SWIFT_OPTIMIZATION_LEVEL = "-O";
				VALIDATE_PRODUCT = YES;
			};
			name = Release;
		};
		A18F5A80286AF84B008A68C1 /* Debug */ = {
			isa = XCBuildConfiguration;
			baseConfigurationReference = D94A423B8CA0166564AFF24C /* Pods-StockApp.debug.xcconfig */;
			buildSettings = {
				ASSETCATALOG_COMPILER_APPICON_NAME = AppIcon;
				ASSETCATALOG_COMPILER_GLOBAL_ACCENT_COLOR_NAME = AccentColor;
				CODE_SIGN_STYLE = Automatic;
				CURRENT_PROJECT_VERSION = 1;
				GENERATE_INFOPLIST_FILE = YES;
				INFOPLIST_FILE = StockApp/Info.plist;
				INFOPLIST_KEY_UIApplicationSupportsIndirectInputEvents = YES;
				INFOPLIST_KEY_UILaunchStoryboardName = LaunchScreen;
				INFOPLIST_KEY_UISupportedInterfaceOrientations_iPad = "UIInterfaceOrientationPortrait UIInterfaceOrientationPortraitUpsideDown UIInterfaceOrientationLandscapeLeft UIInterfaceOrientationLandscapeRight";
				INFOPLIST_KEY_UISupportedInterfaceOrientations_iPhone = "UIInterfaceOrientationPortrait UIInterfaceOrientationLandscapeLeft UIInterfaceOrientationLandscapeRight";
				LD_RUNPATH_SEARCH_PATHS = (
					"$(inherited)",
					"@executable_path/Frameworks",
				);
				MARKETING_VERSION = 1.0;
				PRODUCT_BUNDLE_IDENTIFIER = lz.StockApp;
				PRODUCT_NAME = "$(TARGET_NAME)";
				SWIFT_EMIT_LOC_STRINGS = YES;
				SWIFT_VERSION = 5.0;
				TARGETED_DEVICE_FAMILY = "1,2";
			};
			name = Debug;
		};
		A18F5A81286AF84B008A68C1 /* Release */ = {
			isa = XCBuildConfiguration;
			baseConfigurationReference = 3E7D540373813B6C97BCE525 /* Pods-StockApp.release.xcconfig */;
			buildSettings = {
				ASSETCATALOG_COMPILER_APPICON_NAME = AppIcon;
				ASSETCATALOG_COMPILER_GLOBAL_ACCENT_COLOR_NAME = AccentColor;
				CODE_SIGN_STYLE = Automatic;
				CURRENT_PROJECT_VERSION = 1;
				GENERATE_INFOPLIST_FILE = YES;
				INFOPLIST_FILE = StockApp/Info.plist;
				INFOPLIST_KEY_UIApplicationSupportsIndirectInputEvents = YES;
				INFOPLIST_KEY_UILaunchStoryboardName = LaunchScreen;
				INFOPLIST_KEY_UISupportedInterfaceOrientations_iPad = "UIInterfaceOrientationPortrait UIInterfaceOrientationPortraitUpsideDown UIInterfaceOrientationLandscapeLeft UIInterfaceOrientationLandscapeRight";
				INFOPLIST_KEY_UISupportedInterfaceOrientations_iPhone = "UIInterfaceOrientationPortrait UIInterfaceOrientationLandscapeLeft UIInterfaceOrientationLandscapeRight";
				LD_RUNPATH_SEARCH_PATHS = (
					"$(inherited)",
					"@executable_path/Frameworks",
				);
				MARKETING_VERSION = 1.0;
				PRODUCT_BUNDLE_IDENTIFIER = lz.StockApp;
				PRODUCT_NAME = "$(TARGET_NAME)";
				SWIFT_EMIT_LOC_STRINGS = YES;
				SWIFT_VERSION = 5.0;
				TARGETED_DEVICE_FAMILY = "1,2";
			};
			name = Release;
		};
/* End XCBuildConfiguration section */

/* Begin XCConfigurationList section */
		A18F5A66286AF849008A68C1 /* Build configuration list for PBXProject "StockApp" */ = {
			isa = XCConfigurationList;
			buildConfigurations = (
				A18F5A7D286AF84B008A68C1 /* Debug */,
				A18F5A7E286AF84B008A68C1 /* Release */,
			);
			defaultConfigurationIsVisible = 0;
			defaultConfigurationName = Release;
		};
		A18F5A7F286AF84B008A68C1 /* Build configuration list for PBXNativeTarget "StockApp" */ = {
			isa = XCConfigurationList;
			buildConfigurations = (
				A18F5A80286AF84B008A68C1 /* Debug */,
				A18F5A81286AF84B008A68C1 /* Release */,
			);
			defaultConfigurationIsVisible = 0;
			defaultConfigurationName = Release;
		};
/* End XCConfigurationList section */

/* Begin XCRemoteSwiftPackageReference section */
		A1BFCD1C286B1DF100C4F5C9 /* XCRemoteSwiftPackageReference "SnapKit" */ = {
			isa = XCRemoteSwiftPackageReference;
			repositoryURL = "https://github.com/SnapKit/SnapKit";
			requirement = {
				branch = develop;
				kind = branch;
			};
		};
		A1BFCD1F286B1E2700C4F5C9 /* XCRemoteSwiftPackageReference "firebase-ios-sdk" */ = {
			isa = XCRemoteSwiftPackageReference;
			repositoryURL = "https://github.com/firebase/firebase-ios-sdk";
			requirement = {
				branch = master;
				kind = branch;
			};
		};
/* End XCRemoteSwiftPackageReference section */

/* Begin XCSwiftPackageProductDependency section */
		A1BFCD1D286B1DF100C4F5C9 /* SnapKit */ = {
			isa = XCSwiftPackageProductDependency;
			package = A1BFCD1C286B1DF100C4F5C9 /* XCRemoteSwiftPackageReference "SnapKit" */;
			productName = SnapKit;
		};
		A1BFCD20286B1E2700C4F5C9 /* FirebaseAnalytics */ = {
			isa = XCSwiftPackageProductDependency;
			package = A1BFCD1F286B1E2700C4F5C9 /* XCRemoteSwiftPackageReference "firebase-ios-sdk" */;
			productName = FirebaseAnalytics;
		};
		A1BFCD22286B1E2700C4F5C9 /* FirebaseAnalyticsSwift */ = {
			isa = XCSwiftPackageProductDependency;
			package = A1BFCD1F286B1E2700C4F5C9 /* XCRemoteSwiftPackageReference "firebase-ios-sdk" */;
			productName = FirebaseAnalyticsSwift;
		};
		A1BFCD24286B1E2700C4F5C9 /* FirebaseAuth */ = {
			isa = XCSwiftPackageProductDependency;
			package = A1BFCD1F286B1E2700C4F5C9 /* XCRemoteSwiftPackageReference "firebase-ios-sdk" */;
			productName = FirebaseAuth;
		};
		A1BFCD26286B1E2700C4F5C9 /* FirebaseCrashlytics */ = {
			isa = XCSwiftPackageProductDependency;
			package = A1BFCD1F286B1E2700C4F5C9 /* XCRemoteSwiftPackageReference "firebase-ios-sdk" */;
			productName = FirebaseCrashlytics;
		};
/* End XCSwiftPackageProductDependency section */
	};
	rootObject = A18F5A63286AF849008A68C1 /* Project object */;
}
